
Microsoft Visual Studio Solution File, Format Version 12.00
# Visual Studio Version 16
VisualStudioVersion = 16.0.29020.237
MinimumVisualStudioVersion = 10.0.40219.1
Project("{FAE04EC0-301F-11D3-BF4B-00C04F79EFBC}") = "Final", "Final\Final.csproj", "{C1B5FDC9-0340-4B22-8495-AC408FEFF28D}"
EndProject
Global
	GlobalSection(SolutionConfigurationPlatforms) = preSolution
		Debug|Any CPU = Debug|Any CPU
		Release|Any CPU = Release|Any CPU
	EndGlobalSection
	GlobalSection(ProjectConfigurationPlatforms) = postSolution
		{C1B5FDC9-0340-4B22-8495-AC408FEFF28D}.Debug|Any CPU.ActiveCfg = Debug|Any CPU
		{C1B5FDC9-0340-4B22-8495-AC408FEFF28D}.Debug|Any CPU.Build.0 = Debug|Any CPU
		{C1B5FDC9-0340-4B22-8495-AC408FEFF28D}.Release|Any CPU.ActiveCfg = Release|Any CPU
		{C1B5FDC9-0340-4B22-8495-AC408FEFF28D}.Release|Any CPU.Build.0 = Release|Any CPU
	EndGlobalSection
	GlobalSection(SolutionProperties) = preSolution
		HideSolutionNode = FALSE
	EndGlobalSection
	GlobalSection(ExtensibilityGlobals) = postSolution
		SolutionGuid = {317FB1D6-7A4B-4201-9C19-1BD38FDB7A2F}
	EndGlobalSection
EndGlobal
